
Microsoft Visual Studio Solution File, Format Version 12.00
# Visual Studio Version 16
VisualStudioVersion = 16.0.30330.147
MinimumVisualStudioVersion = 10.0.40219.1
Project("{FAE04EC0-301F-11D3-BF4B-00C04F79EFBC}") = "ODataConverter", "ODataConverter\ODataConverter.csproj", "{58432797-FD7C-4E85-BCE0-65C03B078599}"
EndProject
Global
	GlobalSection(SolutionConfigurationPlatforms) = preSolution
		Debug|Any CPU = Debug|Any CPU
		Release|Any CPU = Release|Any CPU
	EndGlobalSection
	GlobalSection(ProjectConfigurationPlatforms) = postSolution
		{58432797-FD7C-4E85-BCE0-65C03B078599}.Debug|Any CPU.ActiveCfg = Debug|Any CPU
		{58432797-FD7C-4E85-BCE0-65C03B078599}.Debug|Any CPU.Build.0 = Debug|Any CPU
		{58432797-FD7C-4E85-BCE0-65C03B078599}.Release|Any CPU.ActiveCfg = Release|Any CPU
		{58432797-FD7C-4E85-BCE0-65C03B078599}.Release|Any CPU.Build.0 = Release|Any CPU
	EndGlobalSection
	GlobalSection(SolutionProperties) = preSolution
		HideSolutionNode = FALSE
	EndGlobalSection
	GlobalSection(ExtensibilityGlobals) = postSolution
		SolutionGuid = {D974F4AE-A40A-4663-923B-5DDCFACC50FC}
	EndGlobalSection
EndGlobal
